
Microsoft Visual Studio Solution File, Format Version 12.00
# Visual Studio Version 17
VisualStudioVersion = 17.14.36717.8
MinimumVisualStudioVersion = 10.0.40219.1
Project("{FAE04EC0-301F-11D3-BF4B-00C04F79EFBC}") = "Opinai.SurveyManagement.Domain", "Opinai.SurveyManagement.Domain\Opinai.SurveyManagement.Domain.csproj", "{086202AB-B88B-4F3F-A0CB-FAF2197D65A6}"
EndProject
Project("{2150E333-8FDC-42A3-9474-1A3956D46DE8}") = "src", "src", "{02EA681E-C7D8-13C7-8484-4AC65E1B71E8}"
EndProject
Project("{2150E333-8FDC-42A3-9474-1A3956D46DE8}") = "SurveyManagement", "SurveyManagement", "{E6469358-185F-4CAC-BFFF-50004C8FBFA7}"
EndProject
Project("{2150E333-8FDC-42A3-9474-1A3956D46DE8}") = "Shared", "Shared", "{AE400423-1E5F-4735-9CF0-6548830B6D32}"
EndProject
Project("{FAE04EC0-301F-11D3-BF4B-00C04F79EFBC}") = "Opinai.SurveyManagement.Infrastructure", "Opinai.SurveyManagement.Infrastructure\Opinai.SurveyManagement.Infrastructure.csproj", "{13994BF8-C234-41FA-AB43-0118CE06D9EE}"
EndProject
Project("{FAE04EC0-301F-11D3-BF4B-00C04F79EFBC}") = "Opinai.SurveyManagement.Application", "Opinai.SurveyManagement.Application\Opinai.SurveyManagement.Application.csproj", "{008DAE03-2543-4186-B660-FCF5392B12EE}"
EndProject
Project("{FAE04EC0-301F-11D3-BF4B-00C04F79EFBC}") = "Opinai.Shared.Application", "Opinai.Shared.Application\Opinai.Shared.Application.csproj", "{A70E21B1-A517-4D64-8244-A5461D76F98B}"
EndProject
Project("{FAE04EC0-301F-11D3-BF4B-00C04F79EFBC}") = "Opinai.Shared.Api", "Opinai.Shared.Api\Opinai.Shared.Api.csproj", "{7E9F6B33-97E7-4008-B95E-4852C45F6491}"
EndProject
Project("{FAE04EC0-301F-11D3-BF4B-00C04F79EFBC}") = "Opinai.SurveyManagement.Api", "Opinai.SurveyManagement.Api\Opinai.SurveyManagement.Api.csproj", "{4F7FF90F-2580-4052-8BE0-D8C7F63CACC9}"
EndProject
Project("{2150E333-8FDC-42A3-9474-1A3956D46DE8}") = "ResponseManagement", "ResponseManagement", "{D22DAA67-4AB8-40CF-96B9-A62AF88FC056}"
EndProject
Project("{FAE04EC0-301F-11D3-BF4B-00C04F79EFBC}") = "Opinai.ResponseManagement.Api", "Opinai.ResponseManagement.Api\Opinai.ResponseManagement.Api.csproj", "{E191FE9F-647F-44D8-BFCD-DB298D050CEF}"
EndProject
Project("{FAE04EC0-301F-11D3-BF4B-00C04F79EFBC}") = "Opinai.ResponseManagement.Domain", "Opinai.ResponseManagement.Domain\Opinai.ResponseManagement.Domain.csproj", "{17DD4112-2E92-4562-9187-B7EF293A3652}"
EndProject
Project("{FAE04EC0-301F-11D3-BF4B-00C04F79EFBC}") = "Opinai.ResponseManagement.Application", "Opinai.ResponseManagement.Application\Opinai.ResponseManagement.Application.csproj", "{F6E6CD8E-7BFD-4E55-B055-87D0800257CF}"
EndProject
Project("{FAE04EC0-301F-11D3-BF4B-00C04F79EFBC}") = "Opinai.ResponseManagement.Infrastructure", "Opinai.ResponseManagement.Infrastructure\Opinai.ResponseManagement.Infrastructure.csproj", "{B6415BBB-18BD-4B0D-A91C-ED80B87ED9D5}"
EndProject
Project("{2150E333-8FDC-42A3-9474-1A3956D46DE8}") = "SurveyAnalytics", "SurveyAnalytics", "{3A39AE38-4D94-47BB-B1E6-7BA5F291C7FB}"
EndProject
Project("{FAE04EC0-301F-11D3-BF4B-00C04F79EFBC}") = "Opinai.SurveyAnalytics.Domain", "Opinai.SurveyAnalytics.Domain\Opinai.SurveyAnalytics.Domain.csproj", "{E8A14DAE-067F-4486-83D7-D00E536A78C1}"
EndProject
Project("{FAE04EC0-301F-11D3-BF4B-00C04F79EFBC}") = "Opinai.SurveyAnalytics.Application", "Opinai.SurveyAnalytics.Application\Opinai.SurveyAnalytics.Application.csproj", "{91394EB5-95B3-4BB4-AD35-2D0FE622D8AD}"
EndProject
Project("{FAE04EC0-301F-11D3-BF4B-00C04F79EFBC}") = "Opinai.SurveyAnalytics.Api", "Opinai.SurveyAnalytics.Api\Opinai.SurveyAnalytics.Api.csproj", "{14CFBB7F-3278-40FB-B928-B17283229C9C}"
EndProject
Project("{FAE04EC0-301F-11D3-BF4B-00C04F79EFBC}") = "Opinai.Shared.Infrastructure", "Opinai.Shared.Infrastructure\Opinai.Shared.Infrastructure.csproj", "{9CEF29F3-35C0-077B-D3D4-BD9360518245}"
EndProject
Project("{2150E333-8FDC-42A3-9474-1A3956D46DE8}") = "Messaging", "Messaging", "{427F1DBD-3D1D-476C-AC79-4CA78894B1AD}"
EndProject
Project("{FAE04EC0-301F-11D3-BF4B-00C04F79EFBC}") = "Opinai.Messaging.Contracts", "Opinai.Messaging.Contracts\Opinai.Messaging.Contracts.csproj", "{612D13F3-70AE-4AB8-93E4-47D8EBAA63C4}"
EndProject
Global
	GlobalSection(SolutionConfigurationPlatforms) = preSolution
		Debug|Any CPU = Debug|Any CPU
		Release|Any CPU = Release|Any CPU
	EndGlobalSection
	GlobalSection(ProjectConfigurationPlatforms) = postSolution
		{086202AB-B88B-4F3F-A0CB-FAF2197D65A6}.Debug|Any CPU.ActiveCfg = Debug|Any CPU
		{086202AB-B88B-4F3F-A0CB-FAF2197D65A6}.Debug|Any CPU.Build.0 = Debug|Any CPU
		{086202AB-B88B-4F3F-A0CB-FAF2197D65A6}.Release|Any CPU.ActiveCfg = Release|Any CPU
		{086202AB-B88B-4F3F-A0CB-FAF2197D65A6}.Release|Any CPU.Build.0 = Release|Any CPU
		{13994BF8-C234-41FA-AB43-0118CE06D9EE}.Debug|Any CPU.ActiveCfg = Debug|Any CPU
		{13994BF8-C234-41FA-AB43-0118CE06D9EE}.Debug|Any CPU.Build.0 = Debug|Any CPU
		{13994BF8-C234-41FA-AB43-0118CE06D9EE}.Release|Any CPU.ActiveCfg = Release|Any CPU
		{13994BF8-C234-41FA-AB43-0118CE06D9EE}.Release|Any CPU.Build.0 = Release|Any CPU
		{008DAE03-2543-4186-B660-FCF5392B12EE}.Debug|Any CPU.ActiveCfg = Debug|Any CPU
		{008DAE03-2543-4186-B660-FCF5392B12EE}.Debug|Any CPU.Build.0 = Debug|Any CPU
		{008DAE03-2543-4186-B660-FCF5392B12EE}.Release|Any CPU.ActiveCfg = Release|Any CPU
		{008DAE03-2543-4186-B660-FCF5392B12EE}.Release|Any CPU.Build.0 = Release|Any CPU
		{A70E21B1-A517-4D64-8244-A5461D76F98B}.Debug|Any CPU.ActiveCfg = Debug|Any CPU
		{A70E21B1-A517-4D64-8244-A5461D76F98B}.Debug|Any CPU.Build.0 = Debug|Any CPU
		{A70E21B1-A517-4D64-8244-A5461D76F98B}.Release|Any CPU.ActiveCfg = Release|Any CPU
		{A70E21B1-A517-4D64-8244-A5461D76F98B}.Release|Any CPU.Build.0 = Release|Any CPU
		{7E9F6B33-97E7-4008-B95E-4852C45F6491}.Debug|Any CPU.ActiveCfg = Debug|Any CPU
		{7E9F6B33-97E7-4008-B95E-4852C45F6491}.Debug|Any CPU.Build.0 = Debug|Any CPU
		{7E9F6B33-97E7-4008-B95E-4852C45F6491}.Release|Any CPU.ActiveCfg = Release|Any CPU
		{7E9F6B33-97E7-4008-B95E-4852C45F6491}.Release|Any CPU.Build.0 = Release|Any CPU
		{4F7FF90F-2580-4052-8BE0-D8C7F63CACC9}.Debug|Any CPU.ActiveCfg = Debug|Any CPU
		{4F7FF90F-2580-4052-8BE0-D8C7F63CACC9}.Debug|Any CPU.Build.0 = Debug|Any CPU
		{4F7FF90F-2580-4052-8BE0-D8C7F63CACC9}.Release|Any CPU.ActiveCfg = Release|Any CPU
		{4F7FF90F-2580-4052-8BE0-D8C7F63CACC9}.Release|Any CPU.Build.0 = Release|Any CPU
		{E191FE9F-647F-44D8-BFCD-DB298D050CEF}.Debug|Any CPU.ActiveCfg = Debug|Any CPU
		{E191FE9F-647F-44D8-BFCD-DB298D050CEF}.Debug|Any CPU.Build.0 = Debug|Any CPU
		{E191FE9F-647F-44D8-BFCD-DB298D050CEF}.Release|Any CPU.ActiveCfg = Release|Any CPU
		{E191FE9F-647F-44D8-BFCD-DB298D050CEF}.Release|Any CPU.Build.0 = Release|Any CPU
		{17DD4112-2E92-4562-9187-B7EF293A3652}.Debug|Any CPU.ActiveCfg = Debug|Any CPU
		{17DD4112-2E92-4562-9187-B7EF293A3652}.Debug|Any CPU.Build.0 = Debug|Any CPU
		{17DD4112-2E92-4562-9187-B7EF293A3652}.Release|Any CPU.ActiveCfg = Release|Any CPU
		{17DD4112-2E92-4562-9187-B7EF293A3652}.Release|Any CPU.Build.0 = Release|Any CPU
		{F6E6CD8E-7BFD-4E55-B055-87D0800257CF}.Debug|Any CPU.ActiveCfg = Debug|Any CPU
		{F6E6CD8E-7BFD-4E55-B055-87D0800257CF}.Debug|Any CPU.Build.0 = Debug|Any CPU
		{F6E6CD8E-7BFD-4E55-B055-87D0800257CF}.Release|Any CPU.ActiveCfg = Release|Any CPU
		{F6E6CD8E-7BFD-4E55-B055-87D0800257CF}.Release|Any CPU.Build.0 = Release|Any CPU
		{B6415BBB-18BD-4B0D-A91C-ED80B87ED9D5}.Debug|Any CPU.ActiveCfg = Debug|Any CPU
		{B6415BBB-18BD-4B0D-A91C-ED80B87ED9D5}.Debug|Any CPU.Build.0 = Debug|Any CPU
		{B6415BBB-18BD-4B0D-A91C-ED80B87ED9D5}.Release|Any CPU.ActiveCfg = Release|Any CPU
		{B6415BBB-18BD-4B0D-A91C-ED80B87ED9D5}.Release|Any CPU.Build.0 = Release|Any CPU
		{E8A14DAE-067F-4486-83D7-D00E536A78C1}.Debug|Any CPU.ActiveCfg = Debug|Any CPU
		{E8A14DAE-067F-4486-83D7-D00E536A78C1}.Debug|Any CPU.Build.0 = Debug|Any CPU
		{E8A14DAE-067F-4486-83D7-D00E536A78C1}.Release|Any CPU.ActiveCfg = Release|Any CPU
		{E8A14DAE-067F-4486-83D7-D00E536A78C1}.Release|Any CPU.Build.0 = Release|Any CPU
		{91394EB5-95B3-4BB4-AD35-2D0FE622D8AD}.Debug|Any CPU.ActiveCfg = Debug|Any CPU
		{91394EB5-95B3-4BB4-AD35-2D0FE622D8AD}.Debug|Any CPU.Build.0 = Debug|Any CPU
		{91394EB5-95B3-4BB4-AD35-2D0FE622D8AD}.Release|Any CPU.ActiveCfg = Release|Any CPU
		{91394EB5-95B3-4BB4-AD35-2D0FE622D8AD}.Release|Any CPU.Build.0 = Release|Any CPU
		{14CFBB7F-3278-40FB-B928-B17283229C9C}.Debug|Any CPU.ActiveCfg = Debug|Any CPU
		{14CFBB7F-3278-40FB-B928-B17283229C9C}.Debug|Any CPU.Build.0 = Debug|Any CPU
		{14CFBB7F-3278-40FB-B928-B17283229C9C}.Release|Any CPU.ActiveCfg = Release|Any CPU
		{14CFBB7F-3278-40FB-B928-B17283229C9C}.Release|Any CPU.Build.0 = Release|Any CPU
		{9CEF29F3-35C0-077B-D3D4-BD9360518245}.Debug|Any CPU.ActiveCfg = Debug|Any CPU
		{9CEF29F3-35C0-077B-D3D4-BD9360518245}.Debug|Any CPU.Build.0 = Debug|Any CPU
		{9CEF29F3-35C0-077B-D3D4-BD9360518245}.Release|Any CPU.ActiveCfg = Release|Any CPU
		{9CEF29F3-35C0-077B-D3D4-BD9360518245}.Release|Any CPU.Build.0 = Release|Any CPU
		{612D13F3-70AE-4AB8-93E4-47D8EBAA63C4}.Debug|Any CPU.ActiveCfg = Debug|Any CPU
		{612D13F3-70AE-4AB8-93E4-47D8EBAA63C4}.Debug|Any CPU.Build.0 = Debug|Any CPU
		{612D13F3-70AE-4AB8-93E4-47D8EBAA63C4}.Release|Any CPU.ActiveCfg = Release|Any CPU
		{612D13F3-70AE-4AB8-93E4-47D8EBAA63C4}.Release|Any CPU.Build.0 = Release|Any CPU
	EndGlobalSection
	GlobalSection(SolutionProperties) = preSolution
		HideSolutionNode = FALSE
	EndGlobalSection
	GlobalSection(NestedProjects) = preSolution
		{086202AB-B88B-4F3F-A0CB-FAF2197D65A6} = {E6469358-185F-4CAC-BFFF-50004C8FBFA7}
		{E6469358-185F-4CAC-BFFF-50004C8FBFA7} = {02EA681E-C7D8-13C7-8484-4AC65E1B71E8}
		{AE400423-1E5F-4735-9CF0-6548830B6D32} = {02EA681E-C7D8-13C7-8484-4AC65E1B71E8}
		{13994BF8-C234-41FA-AB43-0118CE06D9EE} = {E6469358-185F-4CAC-BFFF-50004C8FBFA7}
		{008DAE03-2543-4186-B660-FCF5392B12EE} = {E6469358-185F-4CAC-BFFF-50004C8FBFA7}
		{A70E21B1-A517-4D64-8244-A5461D76F98B} = {AE400423-1E5F-4735-9CF0-6548830B6D32}
		{7E9F6B33-97E7-4008-B95E-4852C45F6491} = {AE400423-1E5F-4735-9CF0-6548830B6D32}
		{4F7FF90F-2580-4052-8BE0-D8C7F63CACC9} = {E6469358-185F-4CAC-BFFF-50004C8FBFA7}
		{D22DAA67-4AB8-40CF-96B9-A62AF88FC056} = {02EA681E-C7D8-13C7-8484-4AC65E1B71E8}
		{E191FE9F-647F-44D8-BFCD-DB298D050CEF} = {D22DAA67-4AB8-40CF-96B9-A62AF88FC056}
		{17DD4112-2E92-4562-9187-B7EF293A3652} = {D22DAA67-4AB8-40CF-96B9-A62AF88FC056}
		{F6E6CD8E-7BFD-4E55-B055-87D0800257CF} = {D22DAA67-4AB8-40CF-96B9-A62AF88FC056}
		{B6415BBB-18BD-4B0D-A91C-ED80B87ED9D5} = {D22DAA67-4AB8-40CF-96B9-A62AF88FC056}
		{3A39AE38-4D94-47BB-B1E6-7BA5F291C7FB} = {02EA681E-C7D8-13C7-8484-4AC65E1B71E8}
		{E8A14DAE-067F-4486-83D7-D00E536A78C1} = {3A39AE38-4D94-47BB-B1E6-7BA5F291C7FB}
		{91394EB5-95B3-4BB4-AD35-2D0FE622D8AD} = {3A39AE38-4D94-47BB-B1E6-7BA5F291C7FB}
		{14CFBB7F-3278-40FB-B928-B17283229C9C} = {3A39AE38-4D94-47BB-B1E6-7BA5F291C7FB}
		{9CEF29F3-35C0-077B-D3D4-BD9360518245} = {AE400423-1E5F-4735-9CF0-6548830B6D32}
		{427F1DBD-3D1D-476C-AC79-4CA78894B1AD} = {02EA681E-C7D8-13C7-8484-4AC65E1B71E8}
		{612D13F3-70AE-4AB8-93E4-47D8EBAA63C4} = {427F1DBD-3D1D-476C-AC79-4CA78894B1AD}
	EndGlobalSection
	GlobalSection(ExtensibilityGlobals) = postSolution
		SolutionGuid = {5EFD2C26-50CF-4565-A3F3-EF2C988030DD}
	EndGlobalSection
EndGlobal
